
Microsoft Visual Studio Solution File, Format Version 12.00
# Visual Studio Version 16
VisualStudioVersion = 16.0.30330.147
MinimumVisualStudioVersion = 10.0.40219.1
Project("{FAE04EC0-301F-11D3-BF4B-00C04F79EFBC}") = "QuantityMeasurements", "QuantityMeasurements\QuantityMeasurements.csproj", "{5B3C870F-248A-41FD-96BE-AB79212FD471}"
EndProject
Project("{FAE04EC0-301F-11D3-BF4B-00C04F79EFBC}") = "QuantityMeasurementTest", "QuantityMeasurementTest\QuantityMeasurementTest.csproj", "{7E72CD97-EEDA-46EB-99EA-15CDF33E5F30}"
EndProject
Project("{2150E333-8FDC-42A3-9474-1A3956D46DE8}") = "Solution Items", "Solution Items", "{655F341E-7442-499F-ABC1-D72A70A91D67}"
	ProjectSection(SolutionItems) = preProject
		.editorconfig = .editorconfig
	EndProjectSection
EndProject
Global
	GlobalSection(SolutionConfigurationPlatforms) = preSolution
		Debug|Any CPU = Debug|Any CPU
		Release|Any CPU = Release|Any CPU
	EndGlobalSection
	GlobalSection(ProjectConfigurationPlatforms) = postSolution
		{5B3C870F-248A-41FD-96BE-AB79212FD471}.Debug|Any CPU.ActiveCfg = Debug|Any CPU
		{5B3C870F-248A-41FD-96BE-AB79212FD471}.Debug|Any CPU.Build.0 = Debug|Any CPU
		{5B3C870F-248A-41FD-96BE-AB79212FD471}.Release|Any CPU.ActiveCfg = Release|Any CPU
		{5B3C870F-248A-41FD-96BE-AB79212FD471}.Release|Any CPU.Build.0 = Release|Any CPU
		{7E72CD97-EEDA-46EB-99EA-15CDF33E5F30}.Debug|Any CPU.ActiveCfg = Debug|Any CPU
		{7E72CD97-EEDA-46EB-99EA-15CDF33E5F30}.Debug|Any CPU.Build.0 = Debug|Any CPU
		{7E72CD97-EEDA-46EB-99EA-15CDF33E5F30}.Release|Any CPU.ActiveCfg = Release|Any CPU
		{7E72CD97-EEDA-46EB-99EA-15CDF33E5F30}.Release|Any CPU.Build.0 = Release|Any CPU
	EndGlobalSection
	GlobalSection(SolutionProperties) = preSolution
		HideSolutionNode = FALSE
	EndGlobalSection
	GlobalSection(ExtensibilityGlobals) = postSolution
		SolutionGuid = {6A60460B-B418-49B0-BC81-58450B86227B}
	EndGlobalSection
EndGlobal
